{
  "name": "@magicmirror2/cvlc",
  "version": "1.0.8",
  "lockfileVersion": 3,
  "requires": true,
  "packages": {
    "": {
      "name": "@magicmirror2/cvlc",
      "version": "1.0.8",
      "license": "MIT",
      "dependencies": {
        "portfinder": "~0.4.0",
        "protoblast": "~0.1.11",
        "telnet-client": "~0.5.0"
      }
    },
    "node_modules/async": {
      "version": "0.9.0",
      "resolved": "https://registry.npmjs.org/async/-/async-0.9.0.tgz",
      "integrity": "sha512-XQJ3MipmCHAIBBMFfu2jaSetneOrXbSyyqeU3Nod867oNOpS+i9FEms5PWgjMxSgBybRf2IVVLtr1YfrDO+okg=="
    },
    "node_modules/bluebird": {
      "version": "3.0.5",
      "resolved": "https://registry.npmjs.org/bluebird/-/bluebird-3.0.5.tgz",
      "integrity": "sha512-5o9RE3ued60EEv6gcT5L2APn/4zSpAwzeH65fuF+d/K3/LGZ9JpGIlDU2HeI4NujAY5Wh7mUBM5UF3Zuh8bBhQ=="
    },
    "node_modules/minimist": {
      "version": "1.2.8",
      "resolved": "https://registry.npmjs.org/minimist/-/minimist-1.2.8.tgz",
      "integrity": "sha512-2yyAR8qBkN3YuheJanUpWC5U3bb5osDywNB8RzDVlDwDHbocAJveqqj1u8+SVD7jkWT4yvsHCpWqqWqAxb0zCA==",
      "funding": {
        "url": "https://github.com/sponsors/ljharb"
      }
    },
    "node_modules/mkdirp": {
      "version": "0.5.6",
      "resolved": "https://registry.npmjs.org/mkdirp/-/mkdirp-0.5.6.tgz",
      "integrity": "sha512-FP+p8RB8OWpF3YZBCrP5gtADmtXApB5AMLn+vdyA+PyxCjrCs00mjyUozssO33cwDeT3wNGdLxJ5M//YqtHAJw==",
      "dependencies": {
        "minimist": "^1.2.6"
      },
      "bin": {
        "mkdirp": "bin/cmd.js"
      }
    },
    "node_modules/portfinder": {
      "version": "0.4.0",
      "resolved": "https://registry.npmjs.org/portfinder/-/portfinder-0.4.0.tgz",
      "integrity": "sha512-SZ3hp61WVhwNSS0gf0Fdrx5Yb/wl35qisHuPVM1S0StV8t5XlVZmmJy7/417OELJA7t6ecEmeEzvOaBwq3kCiQ==",
      "dependencies": {
        "async": "0.9.0",
        "mkdirp": "0.5.x"
      },
      "engines": {
        "node": ">= 0.8.0"
      }
    },
    "node_modules/protoblast": {
      "version": "0.1.12",
      "resolved": "https://registry.npmjs.org/protoblast/-/protoblast-0.1.12.tgz",
      "integrity": "sha512-n87e/w9kHDq0OufKEWtxo4o8sxk+9fR9rIBzBEIAxXSZa1Z51OMFI0g/Wjr63OIgi3Xi9c2ywMUiTSyaLv8HOA==",
      "engines": {
        "node": ">=0.10"
      }
    },
    "node_modules/telnet-client": {
      "version": "0.5.0",
      "resolved": "https://registry.npmjs.org/telnet-client/-/telnet-client-0.5.0.tgz",
      "integrity": "sha512-l2n8JKqKz7DZLkQdl+6h9EwMWxOGqv5lWAu3QZuveBQvug1vhiani1Uxd20xAkGDR/6qtbOgFRcXB8QFdwRC5A==",
      "dependencies": {
        "bluebird": "3.0.5"
      }
    }
  }
}
